// !$*UTF8*$!
{
	archiveVersion = 1;
	classes = {
	};
	objectVersion = 55;
	objects = {

/* Begin PBXBuildFile section */
		A469F5FB26CE0AFB00C60185 /* ARView.swift in Sources */ = {isa = PBXBuildFile; fileRef = A469F5FA26CE0AFB00C60185 /* ARView.swift */; };
		A469F5FD26CE0F4D00C60185 /* Jellyfish.mp4 in Resources */ = {isa = PBXBuildFile; fileRef = A469F5FC26CE0F4D00C60185 /* Jellyfish.mp4 */; };
		A481B34626CD071400BC761A /* AppDelegate.swift in Sources */ = {isa = PBXBuildFile; fileRef = A481B34526CD071400BC761A /* AppDelegate.swift */; };
		A481B34826CD071400BC761A /* CameraViewController.swift in Sources */ = {isa = PBXBuildFile; fileRef = A481B34726CD071400BC761A /* CameraViewController.swift */; };
		A481B34D26CD071400BC761A /* Main.storyboard in Resources */ = {isa = PBXBuildFile; fileRef = A481B34B26CD071400BC761A /* Main.storyboard */; };
		A481B34F26CD071500BC761A /* Assets.xcassets in Resources */ = {isa = PBXBuildFile; fileRef = A481B34E26CD071500BC761A /* Assets.xcassets */; };
		A481B35226CD071500BC761A /* LaunchScreen.storyboard in Resources */ = {isa = PBXBuildFile; fileRef = A481B35026CD071500BC761A /* LaunchScreen.storyboard */; };
/* End PBXBuildFile section */

/* Begin PBXFileReference section */
		A469F5FA26CE0AFB00C60185 /* ARView.swift */ = {isa = PBXFileReference; lastKnownFileType = sourcecode.swift; path = ARView.swift; sourceTree = "<group>"; };
		A469F5FC26CE0F4D00C60185 /* Jellyfish.mp4 */ = {isa = PBXFileReference; lastKnownFileType = file; path = Jellyfish.mp4; sourceTree = "<group>"; };
		A481B34226CD071400BC761A /* AsiaFilter.app */ = {isa = PBXFileReference; explicitFileType = wrapper.application; includeInIndex = 0; path = AsiaFilter.app; sourceTree = BUILT_PRODUCTS_DIR; };
		A481B34526CD071400BC761A /* AppDelegate.swift */ = {isa = PBXFileReference; lastKnownFileType = sourcecode.swift; path = AppDelegate.swift; sourceTree = "<group>"; };
		A481B34726CD071400BC761A /* CameraViewController.swift */ = {isa = PBXFileReference; lastKnownFileType = sourcecode.swift; path = CameraViewController.swift; sourceTree = "<group>"; };
		A481B34C26CD071400BC761A /* Base */ = {isa = PBXFileReference; lastKnownFileType = file.storyboard; name = Base; path = Base.lproj/Main.storyboard; sourceTree = "<group>"; };
		A481B34E26CD071500BC761A /* Assets.xcassets */ = {isa = PBXFileReference; lastKnownFileType = folder.assetcatalog; path = Assets.xcassets; sourceTree = "<group>"; };
		A481B35126CD071500BC761A /* Base */ = {isa = PBXFileReference; lastKnownFileType = file.storyboard; name = Base; path = Base.lproj/LaunchScreen.storyboard; sourceTree = "<group>"; };
/* End PBXFileReference section */

/* Begin PBXFrameworksBuildPhase section */
		A481B33F26CD071400BC761A /* Frameworks */ = {
			isa = PBXFrameworksBuildPhase;
			buildActionMask = 2147483647;
			files = (
			);
			runOnlyForDeploymentPostprocessing = 0;
		};
/* End PBXFrameworksBuildPhase section */

/* Begin PBXGroup section */
		A46D964826CE442A003DBE97 /* Helpers */ = {
			isa = PBXGroup;
			children = (
				A46D964926CE4431003DBE97 /* Extensions */,
			);
			path = Helpers;
			sourceTree = "<group>";
		};
		A46D964926CE4431003DBE97 /* Extensions */ = {
			isa = PBXGroup;
			children = (
				A469F5FA26CE0AFB00C60185 /* ARView.swift */,
			);
			path = Extensions;
			sourceTree = "<group>";
		};
		A46D964A26CE4440003DBE97 /* Assets */ = {
			isa = PBXGroup;
			children = (
				A4D9A58626CFBE6D0026D50C /* VideoAssets */,
				A481B34E26CD071500BC761A /* Assets.xcassets */,
				A481B35026CD071500BC761A /* LaunchScreen.storyboard */,
			);
			path = Assets;
			sourceTree = "<group>";
		};
		A481B33926CD071400BC761A = {
			isa = PBXGroup;
			children = (
				A481B34426CD071400BC761A /* AsiaFilter */,
				A481B34326CD071400BC761A /* Products */,
			);
			sourceTree = "<group>";
		};
		A481B34326CD071400BC761A /* Products */ = {
			isa = PBXGroup;
			children = (
				A481B34226CD071400BC761A /* AsiaFilter.app */,
			);
			name = Products;
			sourceTree = "<group>";
		};
		A481B34426CD071400BC761A /* AsiaFilter */ = {
			isa = PBXGroup;
			children = (
				A4D22A4427EDC58800DE1BBD /* Global */,
				A4D22A4527EDC5A300DE1BBD /* CameraViewController */,
				A46D964826CE442A003DBE97 /* Helpers */,
				A46D964A26CE4440003DBE97 /* Assets */,
				A481B34B26CD071400BC761A /* Main.storyboard */,
			);
			path = AsiaFilter;
			sourceTree = "<group>";
		};
		A4D22A4427EDC58800DE1BBD /* Global */ = {
			isa = PBXGroup;
			children = (
				A481B34526CD071400BC761A /* AppDelegate.swift */,
			);
			path = Global;
			sourceTree = "<group>";
		};
		A4D22A4527EDC5A300DE1BBD /* CameraViewController */ = {
			isa = PBXGroup;
			children = (
				A481B34726CD071400BC761A /* CameraViewController.swift */,
			);
			path = CameraViewController;
			sourceTree = "<group>";
		};
		A4D9A58626CFBE6D0026D50C /* VideoAssets */ = {
			isa = PBXGroup;
			children = (
				A469F5FC26CE0F4D00C60185 /* Jellyfish.mp4 */,
			);
			path = VideoAssets;
			sourceTree = "<group>";
		};
/* End PBXGroup section */

/* Begin PBXNativeTarget section */
		A481B34126CD071400BC761A /* AsiaFilter */ = {
			isa = PBXNativeTarget;
			buildConfigurationList = A481B35526CD071500BC761A /* Build configuration list for PBXNativeTarget "AsiaFilter" */;
			buildPhases = (
				A481B33E26CD071400BC761A /* Sources */,
				A481B33F26CD071400BC761A /* Frameworks */,
				A481B34026CD071400BC761A /* Resources */,
			);
			buildRules = (
			);
			dependencies = (
			);
			name = AsiaFilter;
			productName = AsiaFilter;
			productReference = A481B34226CD071400BC761A /* AsiaFilter.app */;
			productType = "com.apple.product-type.application";
		};
/* End PBXNativeTarget section */

/* Begin PBXProject section */
		A481B33A26CD071400BC761A /* Project object */ = {
			isa = PBXProject;
			attributes = {
				BuildIndependentTargetsInParallel = 1;
				LastSwiftUpdateCheck = 1300;
				LastUpgradeCheck = 1300;
				TargetAttributes = {
					A481B34126CD071400BC761A = {
						CreatedOnToolsVersion = 13.0;
					};
				};
			};
			buildConfigurationList = A481B33D26CD071400BC761A /* Build configuration list for PBXProject "AsiaFilter" */;
			compatibilityVersion = "Xcode 13.0";
			developmentRegion = en;
			hasScannedForEncodings = 0;
			knownRegions = (
				en,
				Base,
			);
			mainGroup = A481B33926CD071400BC761A;
			productRefGroup = A481B34326CD071400BC761A /* Products */;
			projectDirPath = "";
			projectRoot = "";
			targets = (
				A481B34126CD071400BC761A /* AsiaFilter */,
			);
		};
/* End PBXProject section */

/* Begin PBXResourcesBuildPhase section */
		A481B34026CD071400BC761A /* Resources */ = {
			isa = PBXResourcesBuildPhase;
			buildActionMask = 2147483647;
			files = (
				A469F5FD26CE0F4D00C60185 /* Jellyfish.mp4 in Resources */,
				A481B35226CD071500BC761A /* LaunchScreen.storyboard in Resources */,
				A481B34F26CD071500BC761A /* Assets.xcassets in Resources */,
				A481B34D26CD071400BC761A /* Main.storyboard in Resources */,
			);
			runOnlyForDeploymentPostprocessing = 0;
		};
/* End PBXResourcesBuildPhase section */

/* Begin PBXSourcesBuildPhase section */
		A481B33E26CD071400BC761A /* Sources */ = {
			isa = PBXSourcesBuildPhase;
			buildActionMask = 2147483647;
			files = (
				A481B34826CD071400BC761A /* CameraViewController.swift in Sources */,
				A481B34626CD071400BC761A /* AppDelegate.swift in Sources */,
				A469F5FB26CE0AFB00C60185 /* ARView.swift in Sources */,
			);
			runOnlyForDeploymentPostprocessing = 0;
		};
/* End PBXSourcesBuildPhase section */

/* Begin PBXVariantGroup section */
		A481B34B26CD071400BC761A /* Main.storyboard */ = {
			isa = PBXVariantGroup;
			children = (
				A481B34C26CD071400BC761A /* Base */,
			);
			name = Main.storyboard;
			sourceTree = "<group>";
		};
		A481B35026CD071500BC761A /* LaunchScreen.storyboard */ = {
			isa = PBXVariantGroup;
			children = (
				A481B35126CD071500BC761A /* Base */,
			);
			name = LaunchScreen.storyboard;
			sourceTree = "<group>";
		};
/* End PBXVariantGroup section */

/* Begin XCBuildConfiguration section */
		A481B35326CD071500BC761A /* Debug */ = {
			isa = XCBuildConfiguration;
			buildSettings = {
				ALWAYS_SEARCH_USER_PATHS = NO;
				CLANG_ANALYZER_NONNULL = YES;
				CLANG_ANALYZER_NUMBER_OBJECT_CONVERSION = YES_AGGRESSIVE;
				CLANG_CXX_LANGUAGE_STANDARD = "gnu++17";
				CLANG_CXX_LIBRARY = "libc++";
				CLANG_ENABLE_MODULES = YES;
				CLANG_ENABLE_OBJC_ARC = YES;
				CLANG_ENABLE_OBJC_WEAK = YES;
				CLANG_WARN_BLOCK_CAPTURE_AUTORELEASING = YES;
				CLANG_WARN_BOOL_CONVERSION = YES;
				CLANG_WARN_COMMA = YES;
				CLANG_WARN_CONSTANT_CONVERSION = YES;
				CLANG_WARN_DEPRECATED_OBJC_IMPLEMENTATIONS = YES;
				CLANG_WARN_DIRECT_OBJC_ISA_USAGE = YES_ERROR;
				CLANG_WARN_DOCUMENTATION_COMMENTS = YES;
				CLANG_WARN_EMPTY_BODY = YES;
				CLANG_WARN_ENUM_CONVERSION = YES;
				CLANG_WARN_INFINITE_RECURSION = YES;
				CLANG_WARN_INT_CONVERSION = YES;
				CLANG_WARN_NON_LITERAL_NULL_CONVERSION = YES;
				CLANG_WARN_OBJC_IMPLICIT_RETAIN_SELF = YES;
				CLANG_WARN_OBJC_LITERAL_CONVERSION = YES;
				CLANG_WARN_OBJC_ROOT_CLASS = YES_ERROR;
				CLANG_WARN_QUOTED_INCLUDE_IN_FRAMEWORK_HEADER = YES;
				CLANG_WARN_RANGE_LOOP_ANALYSIS = YES;
				CLANG_WARN_STRICT_PROTOTYPES = YES;
				CLANG_WARN_SUSPICIOUS_MOVE = YES;
				CLANG_WARN_UNGUARDED_AVAILABILITY = YES_AGGRESSIVE;
				CLANG_WARN_UNREACHABLE_CODE = YES;
				CLANG_WARN__DUPLICATE_METHOD_MATCH = YES;
				COPY_PHASE_STRIP = NO;
				DEBUG_INFORMATION_FORMAT = dwarf;
				ENABLE_STRICT_OBJC_MSGSEND = YES;
				ENABLE_TESTABILITY = YES;
				GCC_C_LANGUAGE_STANDARD = gnu11;
				GCC_DYNAMIC_NO_PIC = NO;
				GCC_NO_COMMON_BLOCKS = YES;
				GCC_OPTIMIZATION_LEVEL = 0;
				GCC_PREPROCESSOR_DEFINITIONS = (
					"DEBUG=1",
					"$(inherited)",
				);
				GCC_WARN_64_TO_32_BIT_CONVERSION = YES;
				GCC_WARN_ABOUT_RETURN_TYPE = YES_ERROR;
				GCC_WARN_UNDECLARED_SELECTOR = YES;
				GCC_WARN_UNINITIALIZED_AUTOS = YES_AGGRESSIVE;
				GCC_WARN_UNUSED_FUNCTION = YES;
				GCC_WARN_UNUSED_VARIABLE = YES;
				IPHONEOS_DEPLOYMENT_TARGET = 15.0;
				MTL_ENABLE_DEBUG_INFO = INCLUDE_SOURCE;
				MTL_FAST_MATH = YES;
				ONLY_ACTIVE_ARCH = YES;
				SDKROOT = iphoneos;
				SWIFT_ACTIVE_COMPILATION_CONDITIONS = DEBUG;
				SWIFT_OPTIMIZATION_LEVEL = "-Onone";
			};
			name = Debug;
		};
		A481B35426CD071500BC761A /* Release */ = {
			isa = XCBuildConfiguration;
			buildSettings = {
				ALWAYS_SEARCH_USER_PATHS = NO;
				CLANG_ANALYZER_NONNULL = YES;
				CLANG_ANALYZER_NUMBER_OBJECT_CONVERSION = YES_AGGRESSIVE;
				CLANG_CXX_LANGUAGE_STANDARD = "gnu++17";
				CLANG_CXX_LIBRARY = "libc++";
				CLANG_ENABLE_MODULES = YES;
				CLANG_ENABLE_OBJC_ARC = YES;
				CLANG_ENABLE_OBJC_WEAK = YES;
				CLANG_WARN_BLOCK_CAPTURE_AUTORELEASING = YES;
				CLANG_WARN_BOOL_CONVERSION = YES;
				CLANG_WARN_COMMA = YES;
				CLANG_WARN_CONSTANT_CONVERSION = YES;
				CLANG_WARN_DEPRECATED_OBJC_IMPLEMENTATIONS = YES;
				CLANG_WARN_DIRECT_OBJC_ISA_USAGE = YES_ERROR;
				CLANG_WARN_DOCUMENTATION_COMMENTS = YES;
				CLANG_WARN_EMPTY_BODY = YES;
				CLANG_WARN_ENUM_CONVERSION = YES;
				CLANG_WARN_INFINITE_RECURSION = YES;
				CLANG_WARN_INT_CONVERSION = YES;
				CLANG_WARN_NON_LITERAL_NULL_CONVERSION = YES;
				CLANG_WARN_OBJC_IMPLICIT_RETAIN_SELF = YES;
				CLANG_WARN_OBJC_LITERAL_CONVERSION = YES;
				CLANG_WARN_OBJC_ROOT_CLASS = YES_ERROR;
				CLANG_WARN_QUOTED_INCLUDE_IN_FRAMEWORK_HEADER = YES;
				CLANG_WARN_RANGE_LOOP_ANALYSIS = YES;
				CLANG_WARN_STRICT_PROTOTYPES = YES;
				CLANG_WARN_SUSPICIOUS_MOVE = YES;
				CLANG_WARN_UNGUARDED_AVAILABILITY = YES_AGGRESSIVE;
				CLANG_WARN_UNREACHABLE_CODE = YES;
				CLANG_WARN__DUPLICATE_METHOD_MATCH = YES;
				COPY_PHASE_STRIP = NO;
				DEBUG_INFORMATION_FORMAT = "dwarf-with-dsym";
				ENABLE_NS_ASSERTIONS = NO;
				ENABLE_STRICT_OBJC_MSGSEND = YES;
				GCC_C_LANGUAGE_STANDARD = gnu11;
				GCC_NO_COMMON_BLOCKS = YES;
				GCC_WARN_64_TO_32_BIT_CONVERSION = YES;
				GCC_WARN_ABOUT_RETURN_TYPE = YES_ERROR;
				GCC_WARN_UNDECLARED_SELECTOR = YES;
				GCC_WARN_UNINITIALIZED_AUTOS = YES_AGGRESSIVE;
				GCC_WARN_UNUSED_FUNCTION = YES;
				GCC_WARN_UNUSED_VARIABLE = YES;
				IPHONEOS_DEPLOYMENT_TARGET = 15.0;
				MTL_ENABLE_DEBUG_INFO = NO;
				MTL_FAST_MATH = YES;
				SDKROOT = iphoneos;
				SWIFT_COMPILATION_MODE = wholemodule;
				SWIFT_OPTIMIZATION_LEVEL = "-O";
				VALIDATE_PRODUCT = YES;
			};
			name = Release;
		};
		A481B35626CD071500BC761A /* Debug */ = {
			isa = XCBuildConfiguration;
			buildSettings = {
				ASSETCATALOG_COMPILER_APPICON_NAME = AppIcon;
				ASSETCATALOG_COMPILER_GLOBAL_ACCENT_COLOR_NAME = AccentColor;
				CODE_SIGN_STYLE = Automatic;
				CURRENT_PROJECT_VERSION = 1;
				DEVELOPMENT_TEAM = SWPDQ88TSM;
				GENERATE_INFOPLIST_FILE = YES;
				INFOPLIST_KEY_NSCameraUsageDescription = "";
				INFOPLIST_KEY_UIApplicationSupportsIndirectInputEvents = YES;
				INFOPLIST_KEY_UILaunchStoryboardName = LaunchScreen;
				INFOPLIST_KEY_UIMainStoryboardFile = Main;
				INFOPLIST_KEY_UIRequiredDeviceCapabilities = arkit;
				INFOPLIST_KEY_UIStatusBarHidden = YES;
				INFOPLIST_KEY_UISupportedInterfaceOrientations = UIInterfaceOrientationPortrait;
				INFOPLIST_KEY_UISupportedInterfaceOrientations_iPad = "UIInterfaceOrientationPortrait UIInterfaceOrientationPortraitUpsideDown UIInterfaceOrientationLandscapeLeft UIInterfaceOrientationLandscapeRight";
				INFOPLIST_KEY_UISupportedInterfaceOrientations_iPhone = "UIInterfaceOrientationPortrait UIInterfaceOrientationLandscapeLeft UIInterfaceOrientationLandscapeRight";
				LD_RUNPATH_SEARCH_PATHS = (
					"$(inherited)",
					"@executable_path/Frameworks",
				);
				MARKETING_VERSION = 1.0;
				PRODUCT_BUNDLE_IDENTIFIER = ArtyomMihailovich.AsiaFilter;
				PRODUCT_NAME = "$(TARGET_NAME)";
				SWIFT_EMIT_LOC_STRINGS = YES;
				SWIFT_VERSION = 5.0;
				TARGETED_DEVICE_FAMILY = "1,2";
			};
			name = Debug;
		};
		A481B35726CD071500BC761A /* Release */ = {
			isa = XCBuildConfiguration;
			buildSettings = {
				ASSETCATALOG_COMPILER_APPICON_NAME = AppIcon;
				ASSETCATALOG_COMPILER_GLOBAL_ACCENT_COLOR_NAME = AccentColor;
				CODE_SIGN_STYLE = Automatic;
				CURRENT_PROJECT_VERSION = 1;
				DEVELOPMENT_TEAM = SWPDQ88TSM;
				GENERATE_INFOPLIST_FILE = YES;
				INFOPLIST_KEY_NSCameraUsageDescription = "";
				INFOPLIST_KEY_UIApplicationSupportsIndirectInputEvents = YES;
				INFOPLIST_KEY_UILaunchStoryboardName = LaunchScreen;
				INFOPLIST_KEY_UIMainStoryboardFile = Main;
				INFOPLIST_KEY_UIRequiredDeviceCapabilities = arkit;
				INFOPLIST_KEY_UIStatusBarHidden = YES;
				INFOPLIST_KEY_UISupportedInterfaceOrientations = UIInterfaceOrientationPortrait;
				INFOPLIST_KEY_UISupportedInterfaceOrientations_iPad = "UIInterfaceOrientationPortrait UIInterfaceOrientationPortraitUpsideDown UIInterfaceOrientationLandscapeLeft UIInterfaceOrientationLandscapeRight";
				INFOPLIST_KEY_UISupportedInterfaceOrientations_iPhone = "UIInterfaceOrientationPortrait UIInterfaceOrientationLandscapeLeft UIInterfaceOrientationLandscapeRight";
				LD_RUNPATH_SEARCH_PATHS = (
					"$(inherited)",
					"@executable_path/Frameworks",
				);
				MARKETING_VERSION = 1.0;
				PRODUCT_BUNDLE_IDENTIFIER = ArtyomMihailovich.AsiaFilter;
				PRODUCT_NAME = "$(TARGET_NAME)";
				SWIFT_EMIT_LOC_STRINGS = YES;
				SWIFT_VERSION = 5.0;
				TARGETED_DEVICE_FAMILY = "1,2";
			};
			name = Release;
		};
/* End XCBuildConfiguration section */

/* Begin XCConfigurationList section */
		A481B33D26CD071400BC761A /* Build configuration list for PBXProject "AsiaFilter" */ = {
			isa = XCConfigurationList;
			buildConfigurations = (
				A481B35326CD071500BC761A /* Debug */,
				A481B35426CD071500BC761A /* Release */,
			);
			defaultConfigurationIsVisible = 0;
			defaultConfigurationName = Release;
		};
		A481B35526CD071500BC761A /* Build configuration list for PBXNativeTarget "AsiaFilter" */ = {
			isa = XCConfigurationList;
			buildConfigurations = (
				A481B35626CD071500BC761A /* Debug */,
				A481B35726CD071500BC761A /* Release */,
			);
			defaultConfigurationIsVisible = 0;
			defaultConfigurationName = Release;
		};
/* End XCConfigurationList section */
	};
	rootObject = A481B33A26CD071400BC761A /* Project object */;
}
